
Microsoft Visual Studio Solution File, Format Version 12.00
# Visual Studio 2012
Project("{FAE04EC0-301F-11D3-BF4B-00C04F79EFBC}") = "FacebookWinForm", "FacebookWinForm\FacebookWinForm.csproj", "{CEF34FE0-E66F-46C3-82CF-A8EC3A3703DE}"
EndProject
Global
	GlobalSection(SolutionConfigurationPlatforms) = preSolution
		Debug|x86 = Debug|x86
		Release|x86 = Release|x86
	EndGlobalSection
	GlobalSection(ProjectConfigurationPlatforms) = postSolution
		{CEF34FE0-E66F-46C3-82CF-A8EC3A3703DE}.Debug|x86.ActiveCfg = Debug|x86
		{CEF34FE0-E66F-46C3-82CF-A8EC3A3703DE}.Debug|x86.Build.0 = Debug|x86
		{CEF34FE0-E66F-46C3-82CF-A8EC3A3703DE}.Release|x86.ActiveCfg = Release|x86
		{CEF34FE0-E66F-46C3-82CF-A8EC3A3703DE}.Release|x86.Build.0 = Release|x86
	EndGlobalSection
EndGlobal
